
Microsoft Visual Studio Solution File, Format Version 12.00
# Visual Studio Version 17
VisualStudioVersion = 17.6.33723.286
MinimumVisualStudioVersion = 10.0.40219.1
Project("{F184B08F-C81C-45F6-A57F-5ABD9991F28F}") = "helloWorld", "helloWorld\helloWorld.vbproj", "{0596D4A6-7615-49A9-9E66-047712BE6359}"
EndProject
Global
	GlobalSection(SolutionConfigurationPlatforms) = preSolution
		Debug|Any CPU = Debug|Any CPU
		Release|Any CPU = Release|Any CPU
	EndGlobalSection
	GlobalSection(ProjectConfigurationPlatforms) = postSolution
		{0596D4A6-7615-49A9-9E66-047712BE6359}.Debug|Any CPU.ActiveCfg = Debug|Any CPU
		{0596D4A6-7615-49A9-9E66-047712BE6359}.Debug|Any CPU.Build.0 = Debug|Any CPU
		{0596D4A6-7615-49A9-9E66-047712BE6359}.Release|Any CPU.ActiveCfg = Release|Any CPU
		{0596D4A6-7615-49A9-9E66-047712BE6359}.Release|Any CPU.Build.0 = Release|Any CPU
	EndGlobalSection
	GlobalSection(SolutionProperties) = preSolution
		HideSolutionNode = FALSE
	EndGlobalSection
	GlobalSection(ExtensibilityGlobals) = postSolution
		SolutionGuid = {6F1E4B4C-5600-486A-B2A7-F6EB60B10DCF}
	EndGlobalSection
EndGlobal
